
Microsoft Visual Studio Solution File, Format Version 12.00
# Visual Studio 15
VisualStudioVersion = 15.0.27004.2002
MinimumVisualStudioVersion = 10.0.40219.1
Project("{FAE04EC0-301F-11D3-BF4B-00C04F79EFBC}") = "RevitLogProjectLocation", "RevitLogProjectLocation\RevitLogProjectLocation.csproj", "{6601F17E-C42B-406E-9356-2D0E7C0A29E3}"
EndProject
Project("{FAE04EC0-301F-11D3-BF4B-00C04F79EFBC}") = "RevitLog.SDK", "RevitLog.SDK\RevitLog.SDK.csproj", "{CD78FB06-ED3F-4EE2-9CE5-22D5740EFE49}"
EndProject
Global
	GlobalSection(SolutionConfigurationPlatforms) = preSolution
		Debug|Any CPU = Debug|Any CPU
		Release|Any CPU = Release|Any CPU
	EndGlobalSection
	GlobalSection(ProjectConfigurationPlatforms) = postSolution
		{6601F17E-C42B-406E-9356-2D0E7C0A29E3}.Debug|Any CPU.ActiveCfg = Debug|Any CPU
		{6601F17E-C42B-406E-9356-2D0E7C0A29E3}.Debug|Any CPU.Build.0 = Debug|Any CPU
		{6601F17E-C42B-406E-9356-2D0E7C0A29E3}.Release|Any CPU.ActiveCfg = Release|Any CPU
		{6601F17E-C42B-406E-9356-2D0E7C0A29E3}.Release|Any CPU.Build.0 = Release|Any CPU
		{CD78FB06-ED3F-4EE2-9CE5-22D5740EFE49}.Debug|Any CPU.ActiveCfg = Debug|Any CPU
		{CD78FB06-ED3F-4EE2-9CE5-22D5740EFE49}.Debug|Any CPU.Build.0 = Debug|Any CPU
		{CD78FB06-ED3F-4EE2-9CE5-22D5740EFE49}.Release|Any CPU.ActiveCfg = Release|Any CPU
		{CD78FB06-ED3F-4EE2-9CE5-22D5740EFE49}.Release|Any CPU.Build.0 = Release|Any CPU
	EndGlobalSection
	GlobalSection(SolutionProperties) = preSolution
		HideSolutionNode = FALSE
	EndGlobalSection
	GlobalSection(ExtensibilityGlobals) = postSolution
		SolutionGuid = {2538CB33-2FD5-456D-93CB-63232138DB20}
	EndGlobalSection
EndGlobal
